
Microsoft Visual Studio Solution File, Format Version 12.00
# Visual Studio 15
VisualStudioVersion = 15.0.27130.2024
MinimumVisualStudioVersion = 10.0.40219.1
Project("{FAE04EC0-301F-11D3-BF4B-00C04F79EFBC}") = "SourceControlTest", "SourceControlTest\SourceControlTest.csproj", "{DE41499E-F4E6-4457-944E-7CA1168C7DF0}"
EndProject
Global
	GlobalSection(SolutionConfigurationPlatforms) = preSolution
		Debug|Any CPU = Debug|Any CPU
		Release|Any CPU = Release|Any CPU
	EndGlobalSection
	GlobalSection(ProjectConfigurationPlatforms) = postSolution
		{DE41499E-F4E6-4457-944E-7CA1168C7DF0}.Debug|Any CPU.ActiveCfg = Debug|Any CPU
		{DE41499E-F4E6-4457-944E-7CA1168C7DF0}.Debug|Any CPU.Build.0 = Debug|Any CPU
		{DE41499E-F4E6-4457-944E-7CA1168C7DF0}.Release|Any CPU.ActiveCfg = Release|Any CPU
		{DE41499E-F4E6-4457-944E-7CA1168C7DF0}.Release|Any CPU.Build.0 = Release|Any CPU
	EndGlobalSection
	GlobalSection(SolutionProperties) = preSolution
		HideSolutionNode = FALSE
	EndGlobalSection
	GlobalSection(ExtensibilityGlobals) = postSolution
		SolutionGuid = {14888A80-FEA5-4F8D-9D86-644375B3109A}
	EndGlobalSection
EndGlobal
